
Microsoft Visual Studio Solution File, Format Version 12.00
# Visual Studio Version 17
VisualStudioVersion = 17.1.32319.34
MinimumVisualStudioVersion = 10.0.40219.1
Project("{9A19103F-16F7-4668-BE54-9A1E7A4F7556}") = "ManagedThreading1", "ManagedThreading1.csproj", "{8D942C38-8E95-45CC-923E-0B19ED9B6C19}"
EndProject
Project("{FAE04EC0-301F-11D3-BF4B-00C04F79EFBC}") = "ManagedThreading1Test", "..\ManagedThreading1Test\ManagedThreading1Test.csproj", "{38161F96-342C-43B6-8777-98D0135A6F19}"
EndProject
Global
	GlobalSection(SolutionConfigurationPlatforms) = preSolution
		Debug|Any CPU = Debug|Any CPU
		Release|Any CPU = Release|Any CPU
	EndGlobalSection
	GlobalSection(ProjectConfigurationPlatforms) = postSolution
		{8D942C38-8E95-45CC-923E-0B19ED9B6C19}.Debug|Any CPU.ActiveCfg = Debug|Any CPU
		{8D942C38-8E95-45CC-923E-0B19ED9B6C19}.Debug|Any CPU.Build.0 = Debug|Any CPU
		{8D942C38-8E95-45CC-923E-0B19ED9B6C19}.Release|Any CPU.ActiveCfg = Release|Any CPU
		{8D942C38-8E95-45CC-923E-0B19ED9B6C19}.Release|Any CPU.Build.0 = Release|Any CPU
		{38161F96-342C-43B6-8777-98D0135A6F19}.Debug|Any CPU.ActiveCfg = Debug|Any CPU
		{38161F96-342C-43B6-8777-98D0135A6F19}.Debug|Any CPU.Build.0 = Debug|Any CPU
		{38161F96-342C-43B6-8777-98D0135A6F19}.Release|Any CPU.ActiveCfg = Release|Any CPU
		{38161F96-342C-43B6-8777-98D0135A6F19}.Release|Any CPU.Build.0 = Release|Any CPU
	EndGlobalSection
	GlobalSection(SolutionProperties) = preSolution
		HideSolutionNode = FALSE
	EndGlobalSection
	GlobalSection(ExtensibilityGlobals) = postSolution
		SolutionGuid = {B75B245E-9DB1-45AB-BF6A-666B935F4F3B}
	EndGlobalSection
EndGlobal
