
Microsoft Visual Studio Solution File, Format Version 12.00
# Visual Studio Version 17
VisualStudioVersion = 17.1.32328.378
MinimumVisualStudioVersion = 10.0.40219.1
Project("{FAE04EC0-301F-11D3-BF4B-00C04F79EFBC}") = "AsyncTask", "AsyncTask.csproj", "{EA900618-C92A-4A96-8C3F-062DD50F9153}"
EndProject
Global
	GlobalSection(SolutionConfigurationPlatforms) = preSolution
		Debug|Any CPU = Debug|Any CPU
		Release|Any CPU = Release|Any CPU
	EndGlobalSection
	GlobalSection(ProjectConfigurationPlatforms) = postSolution
		{EA900618-C92A-4A96-8C3F-062DD50F9153}.Debug|Any CPU.ActiveCfg = Debug|Any CPU
		{EA900618-C92A-4A96-8C3F-062DD50F9153}.Debug|Any CPU.Build.0 = Debug|Any CPU
		{EA900618-C92A-4A96-8C3F-062DD50F9153}.Release|Any CPU.ActiveCfg = Release|Any CPU
		{EA900618-C92A-4A96-8C3F-062DD50F9153}.Release|Any CPU.Build.0 = Release|Any CPU
	EndGlobalSection
	GlobalSection(SolutionProperties) = preSolution
		HideSolutionNode = FALSE
	EndGlobalSection
	GlobalSection(ExtensibilityGlobals) = postSolution
		SolutionGuid = {FB2B531A-AA88-46E2-84F3-459A7BAA237A}
	EndGlobalSection
EndGlobal
