
Microsoft Visual Studio Solution File, Format Version 12.00
# Visual Studio Version 17
VisualStudioVersion = 17.1.32328.378
MinimumVisualStudioVersion = 10.0.40219.1
Project("{FAE04EC0-301F-11D3-BF4B-00C04F79EFBC}") = "ThreadSync", "ThreadSync.csproj", "{44076C83-CE56-4459-BE56-C5B292D38E0E}"
EndProject
Project("{FAE04EC0-301F-11D3-BF4B-00C04F79EFBC}") = "ThreadSyncTest", "..\ThreadSyncTest\ThreadSyncTest.csproj", "{E3DD6BDB-29AC-490D-A675-96BFAE9306C1}"
EndProject
Global
	GlobalSection(SolutionConfigurationPlatforms) = preSolution
		Debug|Any CPU = Debug|Any CPU
		Release|Any CPU = Release|Any CPU
	EndGlobalSection
	GlobalSection(ProjectConfigurationPlatforms) = postSolution
		{44076C83-CE56-4459-BE56-C5B292D38E0E}.Debug|Any CPU.ActiveCfg = Debug|Any CPU
		{44076C83-CE56-4459-BE56-C5B292D38E0E}.Debug|Any CPU.Build.0 = Debug|Any CPU
		{44076C83-CE56-4459-BE56-C5B292D38E0E}.Release|Any CPU.ActiveCfg = Release|Any CPU
		{44076C83-CE56-4459-BE56-C5B292D38E0E}.Release|Any CPU.Build.0 = Release|Any CPU
		{E3DD6BDB-29AC-490D-A675-96BFAE9306C1}.Debug|Any CPU.ActiveCfg = Debug|Any CPU
		{E3DD6BDB-29AC-490D-A675-96BFAE9306C1}.Debug|Any CPU.Build.0 = Debug|Any CPU
		{E3DD6BDB-29AC-490D-A675-96BFAE9306C1}.Release|Any CPU.ActiveCfg = Release|Any CPU
		{E3DD6BDB-29AC-490D-A675-96BFAE9306C1}.Release|Any CPU.Build.0 = Release|Any CPU
	EndGlobalSection
	GlobalSection(SolutionProperties) = preSolution
		HideSolutionNode = FALSE
	EndGlobalSection
	GlobalSection(ExtensibilityGlobals) = postSolution
		SolutionGuid = {BB7260B7-C500-432B-92BB-98200EAD7BFE}
	EndGlobalSection
EndGlobal
