
Microsoft Visual Studio Solution File, Format Version 12.00
# Visual Studio Version 17
VisualStudioVersion = 17.1.32319.34
MinimumVisualStudioVersion = 10.0.40219.1
Project("{9A19103F-16F7-4668-BE54-9A1E7A4F7556}") = "Linq", "Linq.csproj", "{00FBF398-2839-4164-B4F0-D1589D59B886}"
EndProject
Global
	GlobalSection(SolutionConfigurationPlatforms) = preSolution
		Debug|Any CPU = Debug|Any CPU
		Release|Any CPU = Release|Any CPU
	EndGlobalSection
	GlobalSection(ProjectConfigurationPlatforms) = postSolution
		{00FBF398-2839-4164-B4F0-D1589D59B886}.Debug|Any CPU.ActiveCfg = Debug|Any CPU
		{00FBF398-2839-4164-B4F0-D1589D59B886}.Debug|Any CPU.Build.0 = Debug|Any CPU
		{00FBF398-2839-4164-B4F0-D1589D59B886}.Release|Any CPU.ActiveCfg = Release|Any CPU
		{00FBF398-2839-4164-B4F0-D1589D59B886}.Release|Any CPU.Build.0 = Release|Any CPU
	EndGlobalSection
	GlobalSection(SolutionProperties) = preSolution
		HideSolutionNode = FALSE
	EndGlobalSection
	GlobalSection(ExtensibilityGlobals) = postSolution
		SolutionGuid = {709EACFB-9F50-4BC6-A31C-F92243D18CE1}
	EndGlobalSection
EndGlobal
