
Microsoft Visual Studio Solution File, Format Version 12.00
# Visual Studio Version 17
VisualStudioVersion = 17.1.32328.378
MinimumVisualStudioVersion = 10.0.40219.1
Project("{FAE04EC0-301F-11D3-BF4B-00C04F79EFBC}") = "IntersectionOfTwoArrays2", "IntersectionOfTwoArrays2.csproj", "{928EFB62-D0BB-41B7-8440-E1D229E77F40}"
EndProject
Project("{FAE04EC0-301F-11D3-BF4B-00C04F79EFBC}") = "IntersectionOfTwoArrays2Test", "..\IntersectionOfTwoArrays2Test\IntersectionOfTwoArrays2Test.csproj", "{D3A327AA-0679-47E1-94E7-CF663BAC60A8}"
EndProject
Global
	GlobalSection(SolutionConfigurationPlatforms) = preSolution
		Debug|Any CPU = Debug|Any CPU
		Release|Any CPU = Release|Any CPU
	EndGlobalSection
	GlobalSection(ProjectConfigurationPlatforms) = postSolution
		{928EFB62-D0BB-41B7-8440-E1D229E77F40}.Debug|Any CPU.ActiveCfg = Debug|Any CPU
		{928EFB62-D0BB-41B7-8440-E1D229E77F40}.Debug|Any CPU.Build.0 = Debug|Any CPU
		{928EFB62-D0BB-41B7-8440-E1D229E77F40}.Release|Any CPU.ActiveCfg = Release|Any CPU
		{928EFB62-D0BB-41B7-8440-E1D229E77F40}.Release|Any CPU.Build.0 = Release|Any CPU
		{D3A327AA-0679-47E1-94E7-CF663BAC60A8}.Debug|Any CPU.ActiveCfg = Debug|Any CPU
		{D3A327AA-0679-47E1-94E7-CF663BAC60A8}.Debug|Any CPU.Build.0 = Debug|Any CPU
		{D3A327AA-0679-47E1-94E7-CF663BAC60A8}.Release|Any CPU.ActiveCfg = Release|Any CPU
		{D3A327AA-0679-47E1-94E7-CF663BAC60A8}.Release|Any CPU.Build.0 = Release|Any CPU
	EndGlobalSection
	GlobalSection(SolutionProperties) = preSolution
		HideSolutionNode = FALSE
	EndGlobalSection
	GlobalSection(ExtensibilityGlobals) = postSolution
		SolutionGuid = {66137F64-9FF9-4FDD-8604-6AF168C38D0E}
	EndGlobalSection
EndGlobal
