
Microsoft Visual Studio Solution File, Format Version 12.00
# Visual Studio Version 17
VisualStudioVersion = 17.1.32328.378
MinimumVisualStudioVersion = 10.0.40219.1
Project("{9A19103F-16F7-4668-BE54-9A1E7A4F7556}") = "IAsyncEnumerableTask", "IAsyncEnumerableTask.csproj", "{09741F6F-F4FE-4087-AC95-1D1C504304C4}"
EndProject
Project("{FAE04EC0-301F-11D3-BF4B-00C04F79EFBC}") = "IAsyncEnumerableTest", "..\IAsyncEnumerableTest\IAsyncEnumerableTest.csproj", "{CCD33D4F-794D-4546-BE0B-7EF971713B13}"
EndProject
Global
	GlobalSection(SolutionConfigurationPlatforms) = preSolution
		Debug|Any CPU = Debug|Any CPU
		Release|Any CPU = Release|Any CPU
	EndGlobalSection
	GlobalSection(ProjectConfigurationPlatforms) = postSolution
		{09741F6F-F4FE-4087-AC95-1D1C504304C4}.Debug|Any CPU.ActiveCfg = Debug|Any CPU
		{09741F6F-F4FE-4087-AC95-1D1C504304C4}.Debug|Any CPU.Build.0 = Debug|Any CPU
		{09741F6F-F4FE-4087-AC95-1D1C504304C4}.Release|Any CPU.ActiveCfg = Release|Any CPU
		{09741F6F-F4FE-4087-AC95-1D1C504304C4}.Release|Any CPU.Build.0 = Release|Any CPU
		{CCD33D4F-794D-4546-BE0B-7EF971713B13}.Debug|Any CPU.ActiveCfg = Debug|Any CPU
		{CCD33D4F-794D-4546-BE0B-7EF971713B13}.Debug|Any CPU.Build.0 = Debug|Any CPU
		{CCD33D4F-794D-4546-BE0B-7EF971713B13}.Release|Any CPU.ActiveCfg = Release|Any CPU
		{CCD33D4F-794D-4546-BE0B-7EF971713B13}.Release|Any CPU.Build.0 = Release|Any CPU
	EndGlobalSection
	GlobalSection(SolutionProperties) = preSolution
		HideSolutionNode = FALSE
	EndGlobalSection
	GlobalSection(ExtensibilityGlobals) = postSolution
		SolutionGuid = {32F84844-AD45-4159-B31C-2C1245C20047}
	EndGlobalSection
EndGlobal
